
Microsoft Visual Studio Solution File, Format Version 12.00
# Visual Studio Version 16
VisualStudioVersion = 16.0.31410.357
MinimumVisualStudioVersion = 10.0.40219.1
Project("{FAE04EC0-301F-11D3-BF4B-00C04F79EFBC}") = "BookingExample", "BookingExample\BookingExample.csproj", "{E084032A-3E0C-42CE-B491-A91585BA0D52}"
EndProject
Global
	GlobalSection(SolutionConfigurationPlatforms) = preSolution
		Debug|Any CPU = Debug|Any CPU
		Release|Any CPU = Release|Any CPU
	EndGlobalSection
	GlobalSection(ProjectConfigurationPlatforms) = postSolution
		{E084032A-3E0C-42CE-B491-A91585BA0D52}.Debug|Any CPU.ActiveCfg = Debug|Any CPU
		{E084032A-3E0C-42CE-B491-A91585BA0D52}.Debug|Any CPU.Build.0 = Debug|Any CPU
		{E084032A-3E0C-42CE-B491-A91585BA0D52}.Release|Any CPU.ActiveCfg = Release|Any CPU
		{E084032A-3E0C-42CE-B491-A91585BA0D52}.Release|Any CPU.Build.0 = Release|Any CPU
	EndGlobalSection
	GlobalSection(SolutionProperties) = preSolution
		HideSolutionNode = FALSE
	EndGlobalSection
	GlobalSection(ExtensibilityGlobals) = postSolution
		SolutionGuid = {9FF2F7ED-F639-48CF-9CBB-3E0A20FE734C}
	EndGlobalSection
EndGlobal
